// !$*UTF8*$!
{
	archiveVersion = 1;
	classes = {
	};
	objectVersion = 55;
	objects = {

/* Begin PBXBuildFile section */
		8A195D3728C1E7670002F61B /* SwiftUI_Combine_MVVMApp.swift in Sources */ = {isa = PBXBuildFile; fileRef = 8A195D3628C1E7670002F61B /* SwiftUI_Combine_MVVMApp.swift */; };
		8A195D3B28C1E76A0002F61B /* Assets.xcassets in Resources */ = {isa = PBXBuildFile; fileRef = 8A195D3A28C1E76A0002F61B /* Assets.xcassets */; };
		8A195D3E28C1E76A0002F61B /* Preview Assets.xcassets in Resources */ = {isa = PBXBuildFile; fileRef = 8A195D3D28C1E76A0002F61B /* Preview Assets.xcassets */; };
		8A195D4828C1ED6F0002F61B /* NewsResponseModel.swift in Sources */ = {isa = PBXBuildFile; fileRef = 8A195D4728C1ED6F0002F61B /* NewsResponseModel.swift */; };
		8A195D4B28C1EDA20002F61B /* HomeView.swift in Sources */ = {isa = PBXBuildFile; fileRef = 8A195D4A28C1EDA20002F61B /* HomeView.swift */; };
		8A47474028C6026E0091EEBA /* EndPOint.swift in Sources */ = {isa = PBXBuildFile; fileRef = 8A47473F28C6026E0091EEBA /* EndPOint.swift */; };
		8A47474328C604AC0091EEBA /* APIError.swift in Sources */ = {isa = PBXBuildFile; fileRef = 8A47474228C604AC0091EEBA /* APIError.swift */; };
		8A47474628C607C90091EEBA /* NewsService.swift in Sources */ = {isa = PBXBuildFile; fileRef = 8A47474528C607C90091EEBA /* NewsService.swift */; };
		8A47474928C62D420091EEBA /* ResultState.swift in Sources */ = {isa = PBXBuildFile; fileRef = 8A47474828C62D420091EEBA /* ResultState.swift */; };
		8A47474C28C62E220091EEBA /* NewsViewModel.swift in Sources */ = {isa = PBXBuildFile; fileRef = 8A47474B28C62E220091EEBA /* NewsViewModel.swift */; };
		8A47474E28C6372C0091EEBA /* ErrorView.swift in Sources */ = {isa = PBXBuildFile; fileRef = 8A47474D28C6372C0091EEBA /* ErrorView.swift */; };
		8A47475028C64F4B0091EEBA /* ArticleView.swift in Sources */ = {isa = PBXBuildFile; fileRef = 8A47474F28C64F4B0091EEBA /* ArticleView.swift */; };
		8A47475328C64FCB0091EEBA /* URLImage in Frameworks */ = {isa = PBXBuildFile; productRef = 8A47475228C64FCB0091EEBA /* URLImage */; };
/* End PBXBuildFile section */

/* Begin PBXFileReference section */
		8A195D3328C1E7670002F61B /* SwiftUI_Combine_MVVM.app */ = {isa = PBXFileReference; explicitFileType = wrapper.application; includeInIndex = 0; path = SwiftUI_Combine_MVVM.app; sourceTree = BUILT_PRODUCTS_DIR; };
		8A195D3628C1E7670002F61B /* SwiftUI_Combine_MVVMApp.swift */ = {isa = PBXFileReference; lastKnownFileType = sourcecode.swift; path = SwiftUI_Combine_MVVMApp.swift; sourceTree = "<group>"; };
		8A195D3A28C1E76A0002F61B /* Assets.xcassets */ = {isa = PBXFileReference; lastKnownFileType = folder.assetcatalog; path = Assets.xcassets; sourceTree = "<group>"; };
		8A195D3D28C1E76A0002F61B /* Preview Assets.xcassets */ = {isa = PBXFileReference; lastKnownFileType = folder.assetcatalog; path = "Preview Assets.xcassets"; sourceTree = "<group>"; };
		8A195D4728C1ED6F0002F61B /* NewsResponseModel.swift */ = {isa = PBXFileReference; lastKnownFileType = sourcecode.swift; path = NewsResponseModel.swift; sourceTree = "<group>"; };
		8A195D4A28C1EDA20002F61B /* HomeView.swift */ = {isa = PBXFileReference; lastKnownFileType = sourcecode.swift; path = HomeView.swift; sourceTree = "<group>"; };
		8A47473F28C6026E0091EEBA /* EndPOint.swift */ = {isa = PBXFileReference; lastKnownFileType = sourcecode.swift; path = EndPOint.swift; sourceTree = "<group>"; };
		8A47474228C604AC0091EEBA /* APIError.swift */ = {isa = PBXFileReference; lastKnownFileType = sourcecode.swift; path = APIError.swift; sourceTree = "<group>"; };
		8A47474528C607C90091EEBA /* NewsService.swift */ = {isa = PBXFileReference; lastKnownFileType = sourcecode.swift; path = NewsService.swift; sourceTree = "<group>"; };
		8A47474828C62D420091EEBA /* ResultState.swift */ = {isa = PBXFileReference; lastKnownFileType = sourcecode.swift; path = ResultState.swift; sourceTree = "<group>"; };
		8A47474B28C62E220091EEBA /* NewsViewModel.swift */ = {isa = PBXFileReference; lastKnownFileType = sourcecode.swift; path = NewsViewModel.swift; sourceTree = "<group>"; };
		8A47474D28C6372C0091EEBA /* ErrorView.swift */ = {isa = PBXFileReference; lastKnownFileType = sourcecode.swift; path = ErrorView.swift; sourceTree = "<group>"; };
		8A47474F28C64F4B0091EEBA /* ArticleView.swift */ = {isa = PBXFileReference; lastKnownFileType = sourcecode.swift; path = ArticleView.swift; sourceTree = "<group>"; };
/* End PBXFileReference section */

/* Begin PBXFrameworksBuildPhase section */
		8A195D3028C1E7670002F61B /* Frameworks */ = {
			isa = PBXFrameworksBuildPhase;
			buildActionMask = 2147483647;
			files = (
				8A47475328C64FCB0091EEBA /* URLImage in Frameworks */,
			);
			runOnlyForDeploymentPostprocessing = 0;
		};
/* End PBXFrameworksBuildPhase section */

/* Begin PBXGroup section */
		8A195D2A28C1E7670002F61B = {
			isa = PBXGroup;
			children = (
				8A195D3528C1E7670002F61B /* SwiftUI_Combine_MVVM */,
				8A195D3428C1E7670002F61B /* Products */,
			);
			sourceTree = "<group>";
		};
		8A195D3428C1E7670002F61B /* Products */ = {
			isa = PBXGroup;
			children = (
				8A195D3328C1E7670002F61B /* SwiftUI_Combine_MVVM.app */,
			);
			name = Products;
			sourceTree = "<group>";
		};
		8A195D3528C1E7670002F61B /* SwiftUI_Combine_MVVM */ = {
			isa = PBXGroup;
			children = (
				8A47474A28C62E080091EEBA /* ViewModel */,
				8A47474728C62D2A0091EEBA /* State */,
				8A47474428C607B10091EEBA /* Service */,
				8A47474128C604930091EEBA /* Error */,
				8A47473E28C602560091EEBA /* EndPoint */,
				8A195D4928C1ED870002F61B /* Views */,
				8A195D4428C1EBAD0002F61B /* Model */,
				8A195D3628C1E7670002F61B /* SwiftUI_Combine_MVVMApp.swift */,
				8A195D3A28C1E76A0002F61B /* Assets.xcassets */,
				8A195D3C28C1E76A0002F61B /* Preview Content */,
			);
			path = SwiftUI_Combine_MVVM;
			sourceTree = "<group>";
		};
		8A195D3C28C1E76A0002F61B /* Preview Content */ = {
			isa = PBXGroup;
			children = (
				8A195D3D28C1E76A0002F61B /* Preview Assets.xcassets */,
			);
			path = "Preview Content";
			sourceTree = "<group>";
		};
		8A195D4428C1EBAD0002F61B /* Model */ = {
			isa = PBXGroup;
			children = (
				8A195D4728C1ED6F0002F61B /* NewsResponseModel.swift */,
			);
			path = Model;
			sourceTree = "<group>";
		};
		8A195D4928C1ED870002F61B /* Views */ = {
			isa = PBXGroup;
			children = (
				8A195D4A28C1EDA20002F61B /* HomeView.swift */,
				8A47474D28C6372C0091EEBA /* ErrorView.swift */,
				8A47474F28C64F4B0091EEBA /* ArticleView.swift */,
			);
			path = Views;
			sourceTree = "<group>";
		};
		8A47473E28C602560091EEBA /* EndPoint */ = {
			isa = PBXGroup;
			children = (
				8A47473F28C6026E0091EEBA /* EndPOint.swift */,
			);
			path = EndPoint;
			sourceTree = "<group>";
		};
		8A47474128C604930091EEBA /* Error */ = {
			isa = PBXGroup;
			children = (
				8A47474228C604AC0091EEBA /* APIError.swift */,
			);
			path = Error;
			sourceTree = "<group>";
		};
		8A47474428C607B10091EEBA /* Service */ = {
			isa = PBXGroup;
			children = (
				8A47474528C607C90091EEBA /* NewsService.swift */,
			);
			path = Service;
			sourceTree = "<group>";
		};
		8A47474728C62D2A0091EEBA /* State */ = {
			isa = PBXGroup;
			children = (
				8A47474828C62D420091EEBA /* ResultState.swift */,
			);
			path = State;
			sourceTree = "<group>";
		};
		8A47474A28C62E080091EEBA /* ViewModel */ = {
			isa = PBXGroup;
			children = (
				8A47474B28C62E220091EEBA /* NewsViewModel.swift */,
			);
			path = ViewModel;
			sourceTree = "<group>";
		};
/* End PBXGroup section */

/* Begin PBXNativeTarget section */
		8A195D3228C1E7670002F61B /* SwiftUI_Combine_MVVM */ = {
			isa = PBXNativeTarget;
			buildConfigurationList = 8A195D4128C1E76A0002F61B /* Build configuration list for PBXNativeTarget "SwiftUI_Combine_MVVM" */;
			buildPhases = (
				8A195D2F28C1E7670002F61B /* Sources */,
				8A195D3028C1E7670002F61B /* Frameworks */,
				8A195D3128C1E7670002F61B /* Resources */,
			);
			buildRules = (
			);
			dependencies = (
			);
			name = SwiftUI_Combine_MVVM;
			packageProductDependencies = (
				8A47475228C64FCB0091EEBA /* URLImage */,
			);
			productName = SwiftUI_Combine_MVVM;
			productReference = 8A195D3328C1E7670002F61B /* SwiftUI_Combine_MVVM.app */;
			productType = "com.apple.product-type.application";
		};
/* End PBXNativeTarget section */

/* Begin PBXProject section */
		8A195D2B28C1E7670002F61B /* Project object */ = {
			isa = PBXProject;
			attributes = {
				BuildIndependentTargetsInParallel = 1;
				LastSwiftUpdateCheck = 1340;
				LastUpgradeCheck = 1340;
				TargetAttributes = {
					8A195D3228C1E7670002F61B = {
						CreatedOnToolsVersion = 13.4.1;
					};
				};
			};
			buildConfigurationList = 8A195D2E28C1E7670002F61B /* Build configuration list for PBXProject "SwiftUI_Combine_MVVM" */;
			compatibilityVersion = "Xcode 13.0";
			developmentRegion = en;
			hasScannedForEncodings = 0;
			knownRegions = (
				en,
				Base,
			);
			mainGroup = 8A195D2A28C1E7670002F61B;
			packageReferences = (
				8A47475128C64FCB0091EEBA /* XCRemoteSwiftPackageReference "url-image" */,
			);
			productRefGroup = 8A195D3428C1E7670002F61B /* Products */;
			projectDirPath = "";
			projectRoot = "";
			targets = (
				8A195D3228C1E7670002F61B /* SwiftUI_Combine_MVVM */,
			);
		};
/* End PBXProject section */

/* Begin PBXResourcesBuildPhase section */
		8A195D3128C1E7670002F61B /* Resources */ = {
			isa = PBXResourcesBuildPhase;
			buildActionMask = 2147483647;
			files = (
				8A195D3E28C1E76A0002F61B /* Preview Assets.xcassets in Resources */,
				8A195D3B28C1E76A0002F61B /* Assets.xcassets in Resources */,
			);
			runOnlyForDeploymentPostprocessing = 0;
		};
/* End PBXResourcesBuildPhase section */

/* Begin PBXSourcesBuildPhase section */
		8A195D2F28C1E7670002F61B /* Sources */ = {
			isa = PBXSourcesBuildPhase;
			buildActionMask = 2147483647;
			files = (
				8A195D4828C1ED6F0002F61B /* NewsResponseModel.swift in Sources */,
				8A47474C28C62E220091EEBA /* NewsViewModel.swift in Sources */,
				8A195D4B28C1EDA20002F61B /* HomeView.swift in Sources */,
				8A47474628C607C90091EEBA /* NewsService.swift in Sources */,
				8A47474928C62D420091EEBA /* ResultState.swift in Sources */,
				8A195D3728C1E7670002F61B /* SwiftUI_Combine_MVVMApp.swift in Sources */,
				8A47474028C6026E0091EEBA /* EndPOint.swift in Sources */,
				8A47475028C64F4B0091EEBA /* ArticleView.swift in Sources */,
				8A47474E28C6372C0091EEBA /* ErrorView.swift in Sources */,
				8A47474328C604AC0091EEBA /* APIError.swift in Sources */,
			);
			runOnlyForDeploymentPostprocessing = 0;
		};
/* End PBXSourcesBuildPhase section */

/* Begin XCBuildConfiguration section */
		8A195D3F28C1E76A0002F61B /* Debug */ = {
			isa = XCBuildConfiguration;
			buildSettings = {
				ALWAYS_SEARCH_USER_PATHS = NO;
				CLANG_ANALYZER_NONNULL = YES;
				CLANG_ANALYZER_NUMBER_OBJECT_CONVERSION = YES_AGGRESSIVE;
				CLANG_CXX_LANGUAGE_STANDARD = "gnu++17";
				CLANG_ENABLE_MODULES = YES;
				CLANG_ENABLE_OBJC_ARC = YES;
				CLANG_ENABLE_OBJC_WEAK = YES;
				CLANG_WARN_BLOCK_CAPTURE_AUTORELEASING = YES;
				CLANG_WARN_BOOL_CONVERSION = YES;
				CLANG_WARN_COMMA = YES;
				CLANG_WARN_CONSTANT_CONVERSION = YES;
				CLANG_WARN_DEPRECATED_OBJC_IMPLEMENTATIONS = YES;
				CLANG_WARN_DIRECT_OBJC_ISA_USAGE = YES_ERROR;
				CLANG_WARN_DOCUMENTATION_COMMENTS = YES;
				CLANG_WARN_EMPTY_BODY = YES;
				CLANG_WARN_ENUM_CONVERSION = YES;
				CLANG_WARN_INFINITE_RECURSION = YES;
				CLANG_WARN_INT_CONVERSION = YES;
				CLANG_WARN_NON_LITERAL_NULL_CONVERSION = YES;
				CLANG_WARN_OBJC_IMPLICIT_RETAIN_SELF = YES;
				CLANG_WARN_OBJC_LITERAL_CONVERSION = YES;
				CLANG_WARN_OBJC_ROOT_CLASS = YES_ERROR;
				CLANG_WARN_QUOTED_INCLUDE_IN_FRAMEWORK_HEADER = YES;
				CLANG_WARN_RANGE_LOOP_ANALYSIS = YES;
				CLANG_WARN_STRICT_PROTOTYPES = YES;
				CLANG_WARN_SUSPICIOUS_MOVE = YES;
				CLANG_WARN_UNGUARDED_AVAILABILITY = YES_AGGRESSIVE;
				CLANG_WARN_UNREACHABLE_CODE = YES;
				CLANG_WARN__DUPLICATE_METHOD_MATCH = YES;
				COPY_PHASE_STRIP = NO;
				DEBUG_INFORMATION_FORMAT = dwarf;
				ENABLE_STRICT_OBJC_MSGSEND = YES;
				ENABLE_TESTABILITY = YES;
				GCC_C_LANGUAGE_STANDARD = gnu11;
				GCC_DYNAMIC_NO_PIC = NO;
				GCC_NO_COMMON_BLOCKS = YES;
				GCC_OPTIMIZATION_LEVEL = 0;
				GCC_PREPROCESSOR_DEFINITIONS = (
					"DEBUG=1",
					"$(inherited)",
				);
				GCC_WARN_64_TO_32_BIT_CONVERSION = YES;
				GCC_WARN_ABOUT_RETURN_TYPE = YES_ERROR;
				GCC_WARN_UNDECLARED_SELECTOR = YES;
				GCC_WARN_UNINITIALIZED_AUTOS = YES_AGGRESSIVE;
				GCC_WARN_UNUSED_FUNCTION = YES;
				GCC_WARN_UNUSED_VARIABLE = YES;
				IPHONEOS_DEPLOYMENT_TARGET = 15.5;
				MTL_ENABLE_DEBUG_INFO = INCLUDE_SOURCE;
				MTL_FAST_MATH = YES;
				ONLY_ACTIVE_ARCH = YES;
				SDKROOT = iphoneos;
				SWIFT_ACTIVE_COMPILATION_CONDITIONS = DEBUG;
				SWIFT_OPTIMIZATION_LEVEL = "-Onone";
			};
			name = Debug;
		};
		8A195D4028C1E76A0002F61B /* Release */ = {
			isa = XCBuildConfiguration;
			buildSettings = {
				ALWAYS_SEARCH_USER_PATHS = NO;
				CLANG_ANALYZER_NONNULL = YES;
				CLANG_ANALYZER_NUMBER_OBJECT_CONVERSION = YES_AGGRESSIVE;
				CLANG_CXX_LANGUAGE_STANDARD = "gnu++17";
				CLANG_ENABLE_MODULES = YES;
				CLANG_ENABLE_OBJC_ARC = YES;
				CLANG_ENABLE_OBJC_WEAK = YES;
				CLANG_WARN_BLOCK_CAPTURE_AUTORELEASING = YES;
				CLANG_WARN_BOOL_CONVERSION = YES;
				CLANG_WARN_COMMA = YES;
				CLANG_WARN_CONSTANT_CONVERSION = YES;
				CLANG_WARN_DEPRECATED_OBJC_IMPLEMENTATIONS = YES;
				CLANG_WARN_DIRECT_OBJC_ISA_USAGE = YES_ERROR;
				CLANG_WARN_DOCUMENTATION_COMMENTS = YES;
				CLANG_WARN_EMPTY_BODY = YES;
				CLANG_WARN_ENUM_CONVERSION = YES;
				CLANG_WARN_INFINITE_RECURSION = YES;
				CLANG_WARN_INT_CONVERSION = YES;
				CLANG_WARN_NON_LITERAL_NULL_CONVERSION = YES;
				CLANG_WARN_OBJC_IMPLICIT_RETAIN_SELF = YES;
				CLANG_WARN_OBJC_LITERAL_CONVERSION = YES;
				CLANG_WARN_OBJC_ROOT_CLASS = YES_ERROR;
				CLANG_WARN_QUOTED_INCLUDE_IN_FRAMEWORK_HEADER = YES;
				CLANG_WARN_RANGE_LOOP_ANALYSIS = YES;
				CLANG_WARN_STRICT_PROTOTYPES = YES;
				CLANG_WARN_SUSPICIOUS_MOVE = YES;
				CLANG_WARN_UNGUARDED_AVAILABILITY = YES_AGGRESSIVE;
				CLANG_WARN_UNREACHABLE_CODE = YES;
				CLANG_WARN__DUPLICATE_METHOD_MATCH = YES;
				COPY_PHASE_STRIP = NO;
				DEBUG_INFORMATION_FORMAT = "dwarf-with-dsym";
				ENABLE_NS_ASSERTIONS = NO;
				ENABLE_STRICT_OBJC_MSGSEND = YES;
				GCC_C_LANGUAGE_STANDARD = gnu11;
				GCC_NO_COMMON_BLOCKS = YES;
				GCC_WARN_64_TO_32_BIT_CONVERSION = YES;
				GCC_WARN_ABOUT_RETURN_TYPE = YES_ERROR;
				GCC_WARN_UNDECLARED_SELECTOR = YES;
				GCC_WARN_UNINITIALIZED_AUTOS = YES_AGGRESSIVE;
				GCC_WARN_UNUSED_FUNCTION = YES;
				GCC_WARN_UNUSED_VARIABLE = YES;
				IPHONEOS_DEPLOYMENT_TARGET = 15.5;
				MTL_ENABLE_DEBUG_INFO = NO;
				MTL_FAST_MATH = YES;
				SDKROOT = iphoneos;
				SWIFT_COMPILATION_MODE = wholemodule;
				SWIFT_OPTIMIZATION_LEVEL = "-O";
				VALIDATE_PRODUCT = YES;
			};
			name = Release;
		};
		8A195D4228C1E76A0002F61B /* Debug */ = {
			isa = XCBuildConfiguration;
			buildSettings = {
				ASSETCATALOG_COMPILER_APPICON_NAME = AppIcon;
				ASSETCATALOG_COMPILER_GLOBAL_ACCENT_COLOR_NAME = AccentColor;
				CODE_SIGN_STYLE = Automatic;
				CURRENT_PROJECT_VERSION = 1;
				DEVELOPMENT_ASSET_PATHS = "\"SwiftUI_Combine_MVVM/Preview Content\"";
				DEVELOPMENT_TEAM = 9A7U2T7RW5;
				ENABLE_PREVIEWS = YES;
				GENERATE_INFOPLIST_FILE = YES;
				INFOPLIST_KEY_UIApplicationSceneManifest_Generation = YES;
				INFOPLIST_KEY_UIApplicationSupportsIndirectInputEvents = YES;
				INFOPLIST_KEY_UILaunchScreen_Generation = YES;
				INFOPLIST_KEY_UISupportedInterfaceOrientations_iPad = "UIInterfaceOrientationPortrait UIInterfaceOrientationPortraitUpsideDown UIInterfaceOrientationLandscapeLeft UIInterfaceOrientationLandscapeRight";
				INFOPLIST_KEY_UISupportedInterfaceOrientations_iPhone = "UIInterfaceOrientationPortrait UIInterfaceOrientationLandscapeLeft UIInterfaceOrientationLandscapeRight";
				LD_RUNPATH_SEARCH_PATHS = (
					"$(inherited)",
					"@executable_path/Frameworks",
				);
				MARKETING_VERSION = 1.0;
				PRODUCT_BUNDLE_IDENTIFIER = "com.cif.SwiftUI-Combine-MVVM";
				PRODUCT_NAME = "$(TARGET_NAME)";
				SWIFT_EMIT_LOC_STRINGS = YES;
				SWIFT_VERSION = 5.0;
				TARGETED_DEVICE_FAMILY = "1,2";
			};
			name = Debug;
		};
		8A195D4328C1E76A0002F61B /* Release */ = {
			isa = XCBuildConfiguration;
			buildSettings = {
				ASSETCATALOG_COMPILER_APPICON_NAME = AppIcon;
				ASSETCATALOG_COMPILER_GLOBAL_ACCENT_COLOR_NAME = AccentColor;
				CODE_SIGN_STYLE = Automatic;
				CURRENT_PROJECT_VERSION = 1;
				DEVELOPMENT_ASSET_PATHS = "\"SwiftUI_Combine_MVVM/Preview Content\"";
				DEVELOPMENT_TEAM = 9A7U2T7RW5;
				ENABLE_PREVIEWS = YES;
				GENERATE_INFOPLIST_FILE = YES;
				INFOPLIST_KEY_UIApplicationSceneManifest_Generation = YES;
				INFOPLIST_KEY_UIApplicationSupportsIndirectInputEvents = YES;
				INFOPLIST_KEY_UILaunchScreen_Generation = YES;
				INFOPLIST_KEY_UISupportedInterfaceOrientations_iPad = "UIInterfaceOrientationPortrait UIInterfaceOrientationPortraitUpsideDown UIInterfaceOrientationLandscapeLeft UIInterfaceOrientationLandscapeRight";
				INFOPLIST_KEY_UISupportedInterfaceOrientations_iPhone = "UIInterfaceOrientationPortrait UIInterfaceOrientationLandscapeLeft UIInterfaceOrientationLandscapeRight";
				LD_RUNPATH_SEARCH_PATHS = (
					"$(inherited)",
					"@executable_path/Frameworks",
				);
				MARKETING_VERSION = 1.0;
				PRODUCT_BUNDLE_IDENTIFIER = "com.cif.SwiftUI-Combine-MVVM";
				PRODUCT_NAME = "$(TARGET_NAME)";
				SWIFT_EMIT_LOC_STRINGS = YES;
				SWIFT_VERSION = 5.0;
				TARGETED_DEVICE_FAMILY = "1,2";
			};
			name = Release;
		};
/* End XCBuildConfiguration section */

/* Begin XCConfigurationList section */
		8A195D2E28C1E7670002F61B /* Build configuration list for PBXProject "SwiftUI_Combine_MVVM" */ = {
			isa = XCConfigurationList;
			buildConfigurations = (
				8A195D3F28C1E76A0002F61B /* Debug */,
				8A195D4028C1E76A0002F61B /* Release */,
			);
			defaultConfigurationIsVisible = 0;
			defaultConfigurationName = Release;
		};
		8A195D4128C1E76A0002F61B /* Build configuration list for PBXNativeTarget "SwiftUI_Combine_MVVM" */ = {
			isa = XCConfigurationList;
			buildConfigurations = (
				8A195D4228C1E76A0002F61B /* Debug */,
				8A195D4328C1E76A0002F61B /* Release */,
			);
			defaultConfigurationIsVisible = 0;
			defaultConfigurationName = Release;
		};
/* End XCConfigurationList section */

/* Begin XCRemoteSwiftPackageReference section */
		8A47475128C64FCB0091EEBA /* XCRemoteSwiftPackageReference "url-image" */ = {
			isa = XCRemoteSwiftPackageReference;
			repositoryURL = "https://github.com/dmytro-anokhin/url-image.git";
			requirement = {
				kind = upToNextMajorVersion;
				minimumVersion = 3.0.0;
			};
		};
/* End XCRemoteSwiftPackageReference section */

/* Begin XCSwiftPackageProductDependency section */
		8A47475228C64FCB0091EEBA /* URLImage */ = {
			isa = XCSwiftPackageProductDependency;
			package = 8A47475128C64FCB0091EEBA /* XCRemoteSwiftPackageReference "url-image" */;
			productName = URLImage;
		};
/* End XCSwiftPackageProductDependency section */
	};
	rootObject = 8A195D2B28C1E7670002F61B /* Project object */;
}
